<Solution>
  <Folder Name="/BuildingBlocks/">
    <Project Path="D:/CSharp/UdemyMicroservicesCourse/EShopMicroservices/src/BuildingBlocks/BuildingBlocks/BuildingBlocks.csproj" Id="2395c9d0-27f4-4c79-bfc4-772e2bdb227e" />
  </Folder>
  <Folder Name="/Services/" />
  <Folder Name="/Services/Basket/">
    <Project Path="Services/Basket/Basket.API/Basket.API.csproj" Id="1f34c965-c76f-49f7-887b-61d11f0c9e93" />
  </Folder>
  <Folder Name="/Services/Catalog/">
    <Project Path="D:/CSharp/UdemyMicroservicesCourse/EShopMicroservices/src/Services/Catalog/Catalog.API/Catalog.API.csproj" Id="b46a9dcd-5898-4c2b-8724-30ae107eb6ce" />
  </Folder>
  <Folder Name="/Services/Discount/">
    <Project Path="Services/Discount/Discount.Grpc/Discount.Grpc.csproj" Id="44250a52-41c7-461e-a87e-21f2a8b943c4" />
  </Folder>
  <Folder Name="/Services/Ordering/">
    <Project Path="Services/Ordering/Ordering.API/Ordering.API.csproj" Id="6fb5b783-2089-41ea-95f9-7336451fed72" />
  </Folder>
  <Project Path="docker-compose.dcproj">
    <Build />
  </Project>
</Solution>
